<?xml version="1.0" encoding="utf-8"?>
<Project ToolsVersion="4.0" xmlns="http://schemas.microsoft.com/developer/msbuild/2003">
  <ItemGroup>
    <Filter Include="Header Files">
      <UniqueIdentifier>{5e4dbff1-e787-4931-85d4-576b31fa2c18}</UniqueIdentifier>
    </Filter>
    <Filter Include="Source Files">
      <UniqueIdentifier>{a8629a2a-a900-4fd4-911f-3daf0b770543}</UniqueIdentifier>
    </Filter>
    <Filter Include="TwinCAT UM Files">
      <UniqueIdentifier>{9a405af0-ccb4-47cd-a9a3-11684c1fa86a}</UniqueIdentifier>
    </Filter>
    <Filter Include="TwinCAT RT Files">
      <UniqueIdentifier>{d2333d7c-d560-4123-a5fa-00dfd97230fe}</UniqueIdentifier>
    </Filter>
    <Filter Include="TwinCAT OS Files">
      <UniqueIdentifier>{f84d5352-556c-45c4-b9fc-31b3226d95a7}</UniqueIdentifier>
    </Filter>
    <Filter Include="TMC Files">
      <UniqueIdentifier>{6bd05871-4676-4145-8b53-3090374b93c9}</UniqueIdentifier>
    </Filter>
  </ItemGroup>
  <ItemGroup>
    <ClInclude Include="Resource.h">
      <Filter>TwinCAT UM Files</Filter>
    </ClInclude>
    <ClInclude Include="TcPch.h">
      <Filter>Header Files</Filter>
    </ClInclude>
    <ClInclude Include="VersionedCppClassFactory.h">
      <Filter>Header Files</Filter>
    </ClInclude>
    <ClInclude Include="VersionedCppInterfaces.h">
      <Filter>Header Files</Filter>
    </ClInclude>
    <ClInclude Include="VersionedCppServices.h">
      <Filter>Header Files</Filter>
    </ClInclude>
    <ClInclude Include="VersionedCppCtrl.h">
      <Filter>TwinCAT UM Files</Filter>
    </ClInclude>
    <ClInclude Include="VersionedCppDriver.h">
      <Filter>TwinCAT RT Files</Filter>
    </ClInclude>
    <ClInclude Include="ParentModule.h">
      <Filter>Header Files</Filter>
    </ClInclude>
    <ClInclude Include="ChildModule.h">
      <Filter>Header Files</Filter>
    </ClInclude>
  </ItemGroup>
  <ItemGroup>
    <ClCompile Include="TcPch.cpp">
      <Filter>Source Files</Filter>
    </ClCompile>
    <ClCompile Include="VersionedCppClassFactory.cpp">
      <Filter>Source Files</Filter>
    </ClCompile>
    <ClCompile Include="VersionedCppCtrl.cpp">
      <Filter>TwinCAT UM Files</Filter>
    </ClCompile>
    <ClCompile Include="VersionedCppW32.cpp">
      <Filter>TwinCAT UM Files</Filter>
    </ClCompile>
    <ClCompile Include="VersionedCppDriver.cpp">
      <Filter>TwinCAT RT Files</Filter>
    </ClCompile>
    <ClCompile Include="VersionedCppMain.cpp">
      <Filter>TwinCAT OS Files</Filter>
    </ClCompile>
    <ClCompile Include="ParentModule.cpp">
      <Filter>Source Files</Filter>
    </ClCompile>
    <ClCompile Include="ChildModule.cpp">
      <Filter>Source Files</Filter>
    </ClCompile>
  </ItemGroup>
  <ItemGroup>
    <ResourceCompile Include="VersionedCpp.rc">
      <Filter>Source Files</Filter>
    </ResourceCompile>
    <ResourceCompile Include="VersionedCppW32.rc">
      <Filter>TwinCAT UM Files</Filter>
    </ResourceCompile>
  </ItemGroup>
  <ItemGroup>
    <None Include="VersionedCppW32.def">
      <Filter>TwinCAT UM Files</Filter>
    </None>
    <None Include="VersionedCpp.tmc">
      <Filter>TMC Files</Filter>
    </None>
  </ItemGroup>
  <ItemGroup>
    <Midl Include="VersionedCppW32.idl">
      <Filter>TwinCAT UM Files</Filter>
    </Midl>
  </ItemGroup>
</Project>